{
    "_meta": {
        "hash": {
            "sha256": "c42f75c933534e2998ff623119dd6d3aeffe20c73acc559eeb8666507553159d"
        },
        "pipfile-spec": 6,
        "requires": {
            "python_version": "3.7"
        },
        "sources": [
            {
                "name": "pypi",
                "url": "https://pypi.org/simple",
                "verify_ssl": true
            }
        ]
    },
    "default": {
        "beautifulsoup4": {
            "hashes": [
                "sha256:11a9a27b7d3bddc6d86f59fb76afb70e921a25ac2d6cc55b40d072bd68435a76",
                "sha256:7015e76bf32f1f574636c4288399a6de66ce08fb7b2457f628a8d70c0fbabb11",
                "sha256:808b6ac932dccb0a4126558f7dfdcf41710dd44a4ef497a0bb59a77f9f078e89"
            ],
            "version": "==4.6.0"
        },
        "brotli": {
            "hashes": [
                "sha256:0538dc1744fd17c314d2adc409ea7d1b779783b89fd95bcfb0c2acc93a6ea5a7",
                "sha256:0970a47f471782912d7705160b2b0a9306e68e6fadf9cffcaeb42d8f0951e26c",
                "sha256:113f51658e6fe548dce4b3749f6ef6c24de4184ba9c10a909cbee4261c2a5da0",
                "sha256:1e1aa9c4d1558889f42749c8baf846007953bfd32c8209230cf1cd1f5ef33495",
                "sha256:2f2f4f78f29ac4a45d15b3d9fc3fd9705e0ad313a44b129f6e1d0c6916bad0e2",
                "sha256:3269f6de1dd150fd0cce1c158b61ff5ac06d627fd3ae9c6ea03aed26fbbff7ea",
                "sha256:3f4a1f6240916c7984c7f2542786710f622992508dafee0b1714e6d340fb9ffd",
                "sha256:50dd9ad2a2bb12da4e9002a438672d182f98e546e99952de80280a1e1729664f",
                "sha256:5519a4b01b1a4f965083cbfa2ef2b9774c5a5f352341c47b50776ad109423d72",
                "sha256:5eb27722d320370315971c427eb8aa7cc0791f2a458840d357ac653bd0ad3a14",
                "sha256:5f06b4d5b6f58e5b5c220c2f23cad034dc5efa51b01fde2351ced1605bd980e2",
                "sha256:71ceee286ea7ec613f1c36f1c6181864a6ca24ebb55e371276f33d6af8742834",
                "sha256:72848d25a5f9e736db4af4512e0c3feecc094d57d241f8f1ae959115a2c39756",
                "sha256:743001bca75f4a6b4454be3510feca46f9d61a0c782a9bc2bc684bdb245e279e",
                "sha256:7ac98c71a15648fd11bc1f32608b6110e396121280790082e32b9a3109048bc6",
                "sha256:9d1c2dd27a1083fefd05b1b2f8df4a6bc2aaa6c21dd82cd41c8ae5e7c23a87f8",
                "sha256:a13ce9b419fe9f277c63f700efb0e444331509d1881b5610d2ba7e9080606967",
                "sha256:a19ef0952b9d2803df88dff07f45a6c92d5676afb9b8d69cf32232d684036d11",
                "sha256:ad766ca8b8c1419b71a22756b45264f45725c86133dc80a7cbe30b6b78c75620",
                "sha256:ad7963f261988ee0883816b6b9f206f11461c9b3cb5cfbca0c9ab5adc406d395",
                "sha256:af0451e23016631a2f52925a10d738ac4a0f794ac315c30380b22efc0c90cbc6",
                "sha256:c16201060c5a3f8742e3deae759014251ac92f382f82bc2a41dc079ff18c3f24",
                "sha256:c43b202f65891861a9a336984a103de25de235f756de69e32db893156f767013",
                "sha256:c675c6cce4295cb1a692f3de7416aacace7314e064b94bc86e93aceefce7fd3e",
                "sha256:d17cec0b992b1434f5f9df9986563605a4d1b1acd5574c87fc2ac014bcbd3316",
                "sha256:dc91f6129953861a73d9a65c52a8dd682b561a9ebaf65283541645cab6489917",
                "sha256:e2f4cbd1760d2bf2f30e396c2301999aab0191aec031a6a8a04950b2f575a536",
                "sha256:f192e6d3556714105c10486bbd6d045e38a0c04d9da3cef21e0a8dfd8e162df4",
                "sha256:f775b07026af2b1b0b5a8b05e41571cdcf3a315a67df265d60af301656a5425b",
                "sha256:f969ec7f56ba9636679e69ca07fba548312ccaca37412ee823c7f413541ad7e0",
                "sha256:f9dc52cd70907aafb99a773b66b156f2f995c7a0d284397c487c8b71ddbef2f9",
                "sha256:f9ee88bb52352588ceb811d045b5c9bb1dc38927bc150fd156244f60ff3f59f1",
                "sha256:fc7212e36ebeb81aebf7949c92897b622490d7c0e333a479c0395591e7994600"
            ],
            "index": "pypi",
            "version": "==1.0.7"
        },
        "certifi": {
            "hashes": [
                "sha256:5930595817496dd21bb8dc35dad090f1c2cd0adfaf21204bf6732ca5d8ee34d3",
                "sha256:8fc0819f1f30ba15bdb34cceffb9ef04d99f420f68eb75d901e9560b8749fc41"
            ],
            "version": "==2020.6.20"
        },
        "chardet": {
            "hashes": [
                "sha256:84ab92ed1c4d4f16916e05906b6b75a6c0fb5db821cc65e70cbd64a3e2a5eaae",
                "sha256:fc323ffcaeaed0e0a02bf4d117757b98aed530d9ed4531e3e15460124c106691"
            ],
            "version": "==3.0.4"
        },
        "csscompressor": {
            "hashes": [
                "sha256:afa22badbcf3120a4f392e4d22f9fff485c044a1feda4a950ecc5eba9dd31a05"
            ],
            "index": "pypi",
            "version": "==0.9.5"
        },
        "django": {
            "hashes": [
                "sha256:edf0ecf6657713b0435b6757e6069466925cae70d634a3283c96b80c01e06191",
                "sha256:f2250bd35d0f6c23e930c544629934144e5dd39a4c06092e1050c731c1712ba8"
            ],
            "version": "==2.2.14"
        },
        "django-appconf": {
            "hashes": [
                "sha256:1b1d0e1069c843ebe8ae5aa48ec52403b1440402b320c3e3a206a0907e97bb06",
                "sha256:be58deb54a43d77d2e1621fe59f787681376d3cd0b8bd8e4758ef6c3a6453380"
            ],
            "version": "==1.0.4"
        },
        "django-compressor": {
            "hashes": [
                "sha256:47c86347f75c64954a06afbbfc820a750619e10c23a49272b865020a407b7edd",
                "sha256:da9ee5ce4fc8b9211dcecd2229520514a4ba9ac3bcdc59b48092ec4d7f6b96b0"
            ],
            "index": "pypi",
            "version": "==2.3"
        },
        "django-cors-headers": {
            "hashes": [
                "sha256:84933651fbbde8f2bc084bef2f077b79db1ec1389432f21dd661eaae6b3d6a95",
                "sha256:a8b2772582e8025412f4d4b54b617d8b707076ffd53a2b961bd24f10ec207a7c"
            ],
            "index": "pypi",
            "version": "==3.2.0"
        },
        "django-cors-middleware": {
            "hashes": [
                "sha256:85904a3401e7bc0c86502ff2b01d726917af3aaa7dafb77799b27ace637e8c92",
                "sha256:bca8888ed33a94ba5472bde37ed71ec3d08231d6817fd4d799296b016073da95"
            ],
            "index": "pypi",
            "version": "==1.4.0"
        },
        "django-feed-reader": {
            "hashes": [
                "sha256:56cd468227978348ea0864fa99ac5cf9266e145844b542a72d2f580b00ff16b1",
                "sha256:c686e81ad8688cfcc03b872aa367b5d3026905925276005c2f6aa097adb10c6c"
            ],
            "index": "pypi",
            "version": "==0.2.1"
        },
        "django-modelcluster": {
            "hashes": [
                "sha256:942ec7ea970c9ef9ded76a1c79cfe69432a7f1c106b505c501d40f100bcbc91a",
                "sha256:c7a42cf9b93d1161a10bf59919f7ee52d996a523a4134b2a136f6fe1eba7a2fa"
            ],
            "version": "==5.0.2"
        },
        "django-pipeline": {
            "hashes": [
                "sha256:b56f2cfdb113dc1cb05257d8eb8d145fc0ade6f0d1236fb425df15bd059dce15",
                "sha256:ef67aaf58959a2959e13fc114001cee5beec05ac18a81cc700ea9f1c8e3f40a8"
            ],
            "index": "pypi",
            "version": "==1.6.14"
        },
        "django-rest-auth": {
            "hashes": [
                "sha256:f11e12175dafeed772f50d740d22caeab27e99a3caca24ec65e66a8d6de16571"
            ],
            "index": "pypi",
            "version": "==0.9.5"
        },
        "django-rest-framework": {
            "hashes": [
                "sha256:47a8f496fa69e3b6bd79f68dd7a1527d907d6b77f009e9db7cf9bb21cc565e4a"
            ],
            "index": "pypi",
            "version": "==0.1.0"
        },
        "django-taggit": {
            "hashes": [
                "sha256:4a833bf71f4c2deddd9745924eee53be1c075d7f0020a06f12e29fa3d752732d",
                "sha256:609b0223d8a652f3fae088b7fd29f294fdadaca2d7931d45c27d6c59b02fdf31"
            ],
            "version": "==1.3.0"
        },
        "django-treebeard": {
            "hashes": [
                "sha256:83aebc34a9f06de7daaec330d858d1c47887e81be3da77e3541fe7368196dd8a"
            ],
            "version": "==4.3.1"
        },
        "djangorestframework": {
            "hashes": [
                "sha256:05809fc66e1c997fd9a32ea5730d9f4ba28b109b9da71fccfa5ff241201fd0a4",
                "sha256:e782087823c47a26826ee5b6fa0c542968219263fb3976ec3c31edab23a4001f"
            ],
            "version": "==3.11.0"
        },
        "draftjs-exporter": {
            "hashes": [
                "sha256:5839cbc29d7bce2fb99837a404ca40c3a07313f2a20e2700de7ad6aa9a9a18fb",
                "sha256:d415a9964690a2cddb66a31ef32dd46c277e9b80434b94e39e3043188ed83e33"
            ],
            "version": "==2.1.7"
        },
        "feedparser": {
            "hashes": [
                "sha256:bd030652c2d08532c034c27fcd7c85868e7fa3cb2b17f230a44a6bbc92519bf9",
                "sha256:cd2485472e41471632ed3029d44033ee420ad0b57111db95c240c9160a85831c",
                "sha256:ce875495c90ebd74b179855449040003a1beb40cd13d5f037a0654251e260b02"
            ],
            "version": "==5.2.1"
        },
        "html5lib": {
            "hashes": [
                "sha256:20b159aa3badc9d5ee8f5c647e5efd02ed2a66ab8d354930bd9ff139fc1dc0a3",
                "sha256:66cb0dcfdbbc4f9c3ba1a63fdb511ffdbd4f513b2b6d81b80cd26ce6b3fb3736"
            ],
            "index": "pypi",
            "version": "==1.0.1"
        },
        "httplib2": {
            "hashes": [
                "sha256:8af66c1c52c7ffe1aa5dc4bcd7c769885254b0756e6e69f953c7f0ab49a70ba3",
                "sha256:ca2914b015b6247791c4866782fa6042f495b94401a0f0bd3e1d6e0ba2236782"
            ],
            "version": "==0.18.1"
        },
        "idna": {
            "hashes": [
                "sha256:b307872f855b18632ce0c21c5e45be78c0ea7ae4c15c828c20788b26921eb3f6",
                "sha256:b97d804b1e9b523befed77c48dacec60e6dcb0b5391d57af6a65a312a90648c0"
            ],
            "version": "==2.10"
        },
        "lml": {
            "hashes": [
                "sha256:b1bef669dc077a1075fa64b99229b6341085b3b3a98d29c66df1853cc14e6c1a",
                "sha256:ea5ba817b4adc9e9f5c21725cd2475f912933b7e2dfdf0792aed80077154f63f"
            ],
            "version": "==0.0.9"
        },
        "manifesto": {
            "hashes": [
                "sha256:50e57128217426f64663d3b6423cb8721cc4158c5a3e0b4c32b683158f49a95d",
                "sha256:c75844ad63f87970f70fe51adec2d80a7c99863b80356e219962ccf57fe89e0e"
            ],
            "index": "pypi",
            "version": "==0.5"
        },
        "oauth2client": {
            "hashes": [
                "sha256:b8a81cc5d60e2d364f0b1b98f958dbd472887acaf1a5b05e21c28c31a2d6d3ac",
                "sha256:d486741e451287f69568a4d26d70d9acd73a2bbfa275746c535b4209891cccc6"
            ],
            "version": "==4.1.3"
        },
        "odfpy": {
            "hashes": [
                "sha256:6f8163f8464868cff9421a058f25566e41d73c8f7e849c021b86630941b44366"
            ],
            "version": "==1.3.5"
        },
        "pillow": {
            "hashes": [
                "sha256:0295442429645fa16d05bd567ef5cff178482439c9aad0411d3f0ce9b88b3a6f",
                "sha256:06aba4169e78c439d528fdeb34762c3b61a70813527a2c57f0540541e9f433a8",
                "sha256:09d7f9e64289cb40c2c8d7ad674b2ed6105f55dc3b09aa8e4918e20a0311e7ad",
                "sha256:0a80dd307a5d8440b0a08bd7b81617e04d870e40a3e46a32d9c246e54705e86f",
                "sha256:1ca594126d3c4def54babee699c055a913efb01e106c309fa6b04405d474d5ae",
                "sha256:25930fadde8019f374400f7986e8404c8b781ce519da27792cbe46eabec00c4d",
                "sha256:431b15cffbf949e89df2f7b48528be18b78bfa5177cb3036284a5508159492b5",
                "sha256:52125833b070791fcb5710fabc640fc1df07d087fc0c0f02d3661f76c23c5b8b",
                "sha256:5e51ee2b8114def244384eda1c82b10e307ad9778dac5c83fb0943775a653cd8",
                "sha256:612cfda94e9c8346f239bf1a4b082fdd5c8143cf82d685ba2dba76e7adeeb233",
                "sha256:6d7741e65835716ceea0fd13a7d0192961212fd59e741a46bbed7a473c634ed6",
                "sha256:6edb5446f44d901e8683ffb25ebdfc26988ee813da3bf91e12252b57ac163727",
                "sha256:725aa6cfc66ce2857d585f06e9519a1cc0ef6d13f186ff3447ab6dff0a09bc7f",
                "sha256:8dad18b69f710bf3a001d2bf3afab7c432785d94fcf819c16b5207b1cfd17d38",
                "sha256:94cf49723928eb6070a892cb39d6c156f7b5a2db4e8971cb958f7b6b104fb4c4",
                "sha256:97f9e7953a77d5a70f49b9a48da7776dc51e9b738151b22dacf101641594a626",
                "sha256:9ad7f865eebde135d526bb3163d0b23ffff365cf87e767c649550964ad72785d",
                "sha256:a060cf8aa332052df2158e5a119303965be92c3da6f2d93b6878f0ebca80b2f6",
                "sha256:c79f9c5fb846285f943aafeafda3358992d64f0ef58566e23484132ecd8d7d63",
                "sha256:c92302a33138409e8f1ad16731568c55c9053eee71bb05b6b744067e1b62380f",
                "sha256:d08b23fdb388c0715990cbc06866db554e1822c4bdcf6d4166cf30ac82df8c41",
                "sha256:d350f0f2c2421e65fbc62690f26b59b0bcda1b614beb318c81e38647e0f673a1",
                "sha256:ec29604081f10f16a7aea809ad42e27764188fc258b02259a03a8ff7ded3808d",
                "sha256:edf31f1150778abd4322444c393ab9c7bd2af271dd4dafb4208fb613b1f3cdc9",
                "sha256:f7e30c27477dffc3e85c2463b3e649f751789e0f6c8456099eea7ddd53be4a8a",
                "sha256:ffe538682dc19cc542ae7c3e504fdf54ca7f86fb8a135e59dd6bc8627eae6cce"
            ],
            "version": "==7.2.0"
        },
        "ply": {
            "hashes": [
                "sha256:00c7c1aaa88358b9c765b6d3000c6eec0ba42abca5351b095321aef446081da3",
                "sha256:096f9b8350b65ebd2fd1346b12452efe5b9607f7482813ffca50c22722a807ce"
            ],
            "version": "==3.11"
        },
        "pyasn1": {
            "hashes": [
                "sha256:39c7e2ec30515947ff4e87fb6f456dfc6e84857d34be479c9d4a4ba4bf46aa5d",
                "sha256:aef77c9fb94a3ac588e87841208bdec464471d9871bd5050a287cc9a475cd0ba"
            ],
            "version": "==0.4.8"
        },
        "pyasn1-modules": {
            "hashes": [
                "sha256:905f84c712230b2c592c19470d3ca8d552de726050d1d1716282a1f6146be65e",
                "sha256:a50b808ffeb97cb3601dd25981f6b016cbb3d31fbf57a8b8a87428e6158d0c74"
            ],
            "version": "==0.2.8"
        },
        "pyexcel-io": {
            "hashes": [
                "sha256:08dfe39553b996359b143de3d9ec43e196f1138d47cabb73af04a16821b84d79",
                "sha256:2cba956814e72b66072d97b00ede4a084ad881ce72129088eb0dc3c7f3d670cd"
            ],
            "version": "==0.5.20"
        },
        "pyexcel-ods": {
            "hashes": [
                "sha256:7d3deceb173496d448404cc7d856e2220056b4f91f3e9f1fc2e0b9c39152f506",
                "sha256:f05bd632b449cc351cccb920212909516481fcf6205945ce04a58c30ffdb7116"
            ],
            "version": "==0.5.3"
        },
        "pyrfc3339": {
            "hashes": [
                "sha256:67196cb83b470709c580bb4738b83165e67c6cc60e1f2e4f286cfcb402a926f4",
                "sha256:81b8cbe1519cdb79bed04910dd6fa4e181faf8c88dff1e1b987b5f7ab23a5b1a"
            ],
            "version": "==1.1"
        },
        "python-dotenv": {
            "hashes": [
                "sha256:debd928b49dbc2bf68040566f55cdb3252458036464806f4094487244e2a4093",
                "sha256:f157d71d5fec9d4bd5f51c82746b6344dffa680ee85217c123f4a0c8117c4544"
            ],
            "index": "pypi",
            "version": "==0.10.3"
        },
        "pytz": {
            "hashes": [
                "sha256:a494d53b6d39c3c6e44c3bec237336e14305e4f29bbf800b599253057fbb79ed",
                "sha256:c35965d010ce31b23eeb663ed3cc8c906275d6be1a34393a1d73a41febf4a048"
            ],
            "version": "==2020.1"
        },
        "rcssmin": {
            "hashes": [
                "sha256:ca87b695d3d7864157773a61263e5abb96006e9ff0e021eff90cbe0e1ba18270"
            ],
            "version": "==1.0.6"
        },
        "requests": {
            "hashes": [
                "sha256:b3559a131db72c33ee969480840fff4bb6dd111de7dd27c8ee1f820f4f00231b",
                "sha256:fe75cc94a9443b9246fc7049224f75604b113c36acb93f87b80ed42c44cbb898"
            ],
            "version": "==2.24.0"
        },
        "rjsmin": {
            "hashes": [
                "sha256:0ab825839125eaca57cc59581d72e596e58a7a56fbc0839996b7528f0343a0a8",
                "sha256:211c2fe8298951663bbc02acdffbf714f6793df54bfc50e1c6c9e71b3f2559a3",
                "sha256:466fe70cc5647c7c51b3260c7e2e323a98b2b173564247f9c89e977720a0645f",
                "sha256:585e75a84d9199b68056fd4a083d9a61e2a92dfd10ff6d4ce5bdb04bc3bdbfaf",
                "sha256:6044ca86e917cd5bb2f95e6679a4192cef812122f28ee08c677513de019629b3",
                "sha256:714329db774a90947e0e2086cdddb80d5e8c4ac1c70c9f92436378dedb8ae345",
                "sha256:799890bd07a048892d8d3deb9042dbc20b7f5d0eb7da91e9483c561033b23ce2",
                "sha256:975b69754d6a76be47c0bead12367a1ca9220d08e5393f80bab0230d4625d1f4",
                "sha256:b15dc75c71f65d9493a8c7fa233fdcec823e3f1b88ad84a843ffef49b338ac32",
                "sha256:dd0f4819df4243ffe4c964995794c79ca43943b5b756de84be92b445a652fb86",
                "sha256:e3908b21ebb584ce74a6ac233bdb5f29485752c9d3be5e50c5484ed74169232c",
                "sha256:e487a7783ac4339e79ec610b98228eb9ac72178973e3dee16eba0e3feef25924",
                "sha256:ecd29f1b3e66a4c0753105baec262b331bcbceefc22fbe6f7e8bcd2067bcb4d7"
            ],
            "version": "==1.1.0"
        },
        "rsa": {
            "hashes": [
                "sha256:109ea5a66744dd859bf16fe904b8d8b627adafb9408753161e766a92e7d681fa",
                "sha256:6166864e23d6b5195a5cfed6cd9fed0fe774e226d8f854fcb23b7bbef0350233"
            ],
            "version": "==4.6"
        },
        "six": {
            "hashes": [
                "sha256:30639c035cdb23534cd4aa2dd52c3bf48f06e5f4a941509c8bafd8ce11080259",
                "sha256:8b74bedcbbbaca38ff6d7491d76f2b06b3592611af620f8426e82dddb04a5ced"
            ],
            "version": "==1.15.0"
        },
        "slimit": {
            "hashes": [
                "sha256:f433dcef899f166b207b67d91d3f7344659cb33b8259818f084167244e17720b"
            ],
            "index": "pypi",
            "version": "==0.8.1"
        },
        "sqlparse": {
            "hashes": [
                "sha256:022fb9c87b524d1f7862b3037e541f68597a730a8843245c349fc93e1643dc4e",
                "sha256:e162203737712307dfe78860cc56c8da8a852ab2ee33750e33aeadf38d12c548"
            ],
            "version": "==0.3.1"
        },
        "unidecode": {
            "hashes": [
                "sha256:1d7a042116536098d05d599ef2b8616759f02985c85b4fef50c78a5aaf10822a",
                "sha256:2b6aab710c2a1647e928e36d69c21e76b453cd455f4e2621000e54b2a9b8cce8"
            ],
            "version": "==1.1.1"
        },
        "urllib3": {
            "hashes": [
                "sha256:3018294ebefce6572a474f0604c2021e33b3fd8006ecd11d62107a5d2a963527",
                "sha256:88206b0eb87e6d677d424843ac5209e3fb9d0190d0ee169599165ec25e9d9115"
            ],
            "version": "==1.25.9"
        },
        "wagalytics": {
            "hashes": [
                "sha256:05279f44033530a9f2d021444ffd041df482082797788d65b9b49503fc4101d0",
                "sha256:77e9838e8d8d26a62b08862cd70d23ad51cb7d76f913f1a1ca94262395b73686"
            ],
            "index": "pypi",
            "version": "==1.0"
        },
        "wagtail": {
            "hashes": [
                "sha256:1a089552386d58728fd6adb5422d86f7e10c092a23e5bea2d1a9b6e857c8ec07",
                "sha256:a9da850d0ff5a80e3e4a6bba6d53b15dc91200cd9bc9d1005e329f09e46ce9d0"
            ],
            "index": "pypi",
            "version": "==2.7.4"
        },
        "wagtail-cache": {
            "hashes": [
                "sha256:05ddcfab816b08c98e7981b137121e407b6074cc4c69494ecd2430c5c942a617",
                "sha256:f9b77439d230922f7de406f86921515f464d23648a6a78beed774371ef9cad12"
            ],
            "index": "pypi",
            "version": "==0.5.2"
        },
        "wagtail-modelchooser": {
            "hashes": [
                "sha256:4b965f41c723100ce48f84802f2baca742073b0b9d679bedc094ea99c0ba4557",
                "sha256:504f632c82e9137650cbdf9059c80e6643f73f44e85c64f4566690972a36baa7"
            ],
            "index": "pypi",
            "version": "==2.2.2"
        },
        "wagtail-robots": {
            "hashes": [
                "sha256:7b7dbe52c51cb9de0c94ad6ac0294ffc9625063081ff9acfbbf5fff970ccc61f"
            ],
            "index": "pypi",
            "version": "==0.1.2"
        },
        "wagtail-themes": {
            "hashes": [
                "sha256:361862da0a14abd6e118ee1fa4ea5a20ca9b45c66242a4dc4322f8991660d9f1"
            ],
            "index": "pypi",
            "version": "==0.3.0"
        },
        "wagtailcodeblock": {
            "hashes": [
                "sha256:3b1c813e2450e81227b23db32162a1d3c47e6c280eace97d005d1a614dfb451e",
                "sha256:e4448596bb32749a8690472141f8a88d6777256546babb832303bd620ec02e38"
            ],
            "index": "pypi",
            "version": "==1.17.1.0"
        },
        "wagtailemoji": {
            "hashes": [
                "sha256:4c33bbd6fec47392ea5b65d7c91a23caa6aebcfc0d003b4a78dd47ed1ec82c0f",
                "sha256:77d7ba0e4f650f03f08442752e92a24b1581677b9e5f3cc33b21387613eb3037"
            ],
            "index": "pypi",
            "version": "==1.0.2"
        },
        "wagtailfontawesome": {
            "hashes": [
                "sha256:6c1bd2d6061880848de6374ceb75d38a8c9b0debb1d4aef8a2fdc9d565a8f417",
                "sha256:76b1c64c4f1042d468a83e4352f74b57bda4a4aa09cdfeeb8663dead5ed632be"
            ],
            "version": "==1.2.1"
        },
        "wagtailuiplus": {
            "hashes": [
                "sha256:0f338b9357fe0770d82707c444a2bb173aa33783d61189ccbff7e36ee16f38ac",
                "sha256:abcf01eeaad506f8227af8c44f46bf65e8e72ef5cc05c67b28467cd3a23741d9"
            ],
            "index": "pypi",
            "version": "==1.3.4"
        },
        "webencodings": {
            "hashes": [
                "sha256:a0af1213f3c2226497a97e2b3aa01a7e4bee4f403f95be16fc9acd2947514a78",
                "sha256:b36a1c245f2d304965eb4e0a82848379241dc04b865afcc4aab16748587e1923"
            ],
            "version": "==0.5.1"
        },
        "willow": {
            "hashes": [
                "sha256:4f84c46f65b6a1982e63dbd4d94c6bae705ff21f839164c31e105c3e251bec37",
                "sha256:8897a6827c0bb7dee2ac908af53f0d358720bd6032ed20bab3175507e34d739a"
            ],
            "version": "==1.3"
        }
    },
    "develop": {}
}
